
Microsoft Visual Studio Solution File, Format Version 12.00
# Visual Studio Version 16
VisualStudioVersion = 16.0.30204.135
MinimumVisualStudioVersion = 15.0.26124.0
Project("{FAE04EC0-301F-11D3-BF4B-00C04F79EFBC}") = "MSWACS.AspNetCore.Web", "src\MSWACS.AspNetCore.Web\MSWACS.AspNetCore.Web.csproj", "{BD6E8C32-E8E7-4D18-BC73-7FD7DA68C411}"
EndProject
Project("{FAE04EC0-301F-11D3-BF4B-00C04F79EFBC}") = "MSWACS.AspNetMvc.Web", "src\MSWACS.AspNetMvc.Web\MSWACS.AspNetMvc.Web.csproj", "{8FDA64D2-CE0C-4F86-A204-0A79294A9065}"
EndProject
Global
	GlobalSection(SolutionConfigurationPlatforms) = preSolution
		Debug|Any CPU = Debug|Any CPU
		Release|Any CPU = Release|Any CPU
	EndGlobalSection
	GlobalSection(ProjectConfigurationPlatforms) = postSolution
		{BD6E8C32-E8E7-4D18-BC73-7FD7DA68C411}.Debug|Any CPU.ActiveCfg = Debug|Any CPU
		{BD6E8C32-E8E7-4D18-BC73-7FD7DA68C411}.Debug|Any CPU.Build.0 = Debug|Any CPU
		{BD6E8C32-E8E7-4D18-BC73-7FD7DA68C411}.Release|Any CPU.ActiveCfg = Release|Any CPU
		{BD6E8C32-E8E7-4D18-BC73-7FD7DA68C411}.Release|Any CPU.Build.0 = Release|Any CPU
		{8FDA64D2-CE0C-4F86-A204-0A79294A9065}.Debug|Any CPU.ActiveCfg = Debug|Any CPU
		{8FDA64D2-CE0C-4F86-A204-0A79294A9065}.Debug|Any CPU.Build.0 = Debug|Any CPU
		{8FDA64D2-CE0C-4F86-A204-0A79294A9065}.Release|Any CPU.ActiveCfg = Release|Any CPU
		{8FDA64D2-CE0C-4F86-A204-0A79294A9065}.Release|Any CPU.Build.0 = Release|Any CPU
	EndGlobalSection
	GlobalSection(SolutionProperties) = preSolution
		HideSolutionNode = FALSE
	EndGlobalSection
	GlobalSection(ExtensibilityGlobals) = postSolution
		SolutionGuid = {E35D85B7-F858-4A9C-8856-F523BBEC780C}
	EndGlobalSection
EndGlobal
